
Microsoft Visual Studio Solution File, Format Version 12.00
# Visual Studio Version 17
VisualStudioVersion = 17.3.32901.215
MinimumVisualStudioVersion = 10.0.40219.1
Project("{FAE04EC0-301F-11D3-BF4B-00C04F79EFBC}") = "HowIsItGoingBot", "HowIsItGoingBot.csproj", "{D3BCE110-A862-4CDC-B628-B774A135E9B1}"
EndProject
Global
	GlobalSection(SolutionConfigurationPlatforms) = preSolution
		Debug|Any CPU = Debug|Any CPU
		Release|Any CPU = Release|Any CPU
	EndGlobalSection
	GlobalSection(ProjectConfigurationPlatforms) = postSolution
		{D3BCE110-A862-4CDC-B628-B774A135E9B1}.Debug|Any CPU.ActiveCfg = Debug|Any CPU
		{D3BCE110-A862-4CDC-B628-B774A135E9B1}.Debug|Any CPU.Build.0 = Debug|Any CPU
		{D3BCE110-A862-4CDC-B628-B774A135E9B1}.Release|Any CPU.ActiveCfg = Release|Any CPU
		{D3BCE110-A862-4CDC-B628-B774A135E9B1}.Release|Any CPU.Build.0 = Release|Any CPU
	EndGlobalSection
	GlobalSection(SolutionProperties) = preSolution
		HideSolutionNode = FALSE
	EndGlobalSection
	GlobalSection(ExtensibilityGlobals) = postSolution
		SolutionGuid = {91853465-B062-4DFF-B13B-28CD113C455D}
	EndGlobalSection
EndGlobal
